
Microsoft Visual Studio Solution File, Format Version 12.00
# Visual Studio 15
VisualStudioVersion = 15.0.26124.0
MinimumVisualStudioVersion = 15.0.26124.0
Project("{FAE04EC0-301F-11D3-BF4B-00C04F79EFBC}") = "MathLibrary", "MathLibrary\MathLibrary.csproj", "{6098F502-5220-420E-9ED3-2BAF661FD94D}"
EndProject
Project("{FAE04EC0-301F-11D3-BF4B-00C04F79EFBC}") = "main", "main.csproj", "{5C1DD100-45EF-431B-A330-334B46060E4B}"
EndProject
Project("{FAE04EC0-301F-11D3-BF4B-00C04F79EFBC}") = "MathLibraryTest", "MathLibraryTest\MathLibraryTest.csproj", "{3AFC1BE2-3A15-4C60-9FC7-9E73C1CD3937}"
EndProject
Global
	GlobalSection(SolutionConfigurationPlatforms) = preSolution
		Debug|Any CPU = Debug|Any CPU
		Debug|x64 = Debug|x64
		Debug|x86 = Debug|x86
		Release|Any CPU = Release|Any CPU
		Release|x64 = Release|x64
		Release|x86 = Release|x86
	EndGlobalSection
	GlobalSection(SolutionProperties) = preSolution
		HideSolutionNode = FALSE
	EndGlobalSection
	GlobalSection(ProjectConfigurationPlatforms) = postSolution
		{6098F502-5220-420E-9ED3-2BAF661FD94D}.Debug|Any CPU.ActiveCfg = Debug|Any CPU
		{6098F502-5220-420E-9ED3-2BAF661FD94D}.Debug|Any CPU.Build.0 = Debug|Any CPU
		{6098F502-5220-420E-9ED3-2BAF661FD94D}.Debug|x64.ActiveCfg = Debug|Any CPU
		{6098F502-5220-420E-9ED3-2BAF661FD94D}.Debug|x64.Build.0 = Debug|Any CPU
		{6098F502-5220-420E-9ED3-2BAF661FD94D}.Debug|x86.ActiveCfg = Debug|Any CPU
		{6098F502-5220-420E-9ED3-2BAF661FD94D}.Debug|x86.Build.0 = Debug|Any CPU
		{6098F502-5220-420E-9ED3-2BAF661FD94D}.Release|Any CPU.ActiveCfg = Release|Any CPU
		{6098F502-5220-420E-9ED3-2BAF661FD94D}.Release|Any CPU.Build.0 = Release|Any CPU
		{6098F502-5220-420E-9ED3-2BAF661FD94D}.Release|x64.ActiveCfg = Release|Any CPU
		{6098F502-5220-420E-9ED3-2BAF661FD94D}.Release|x64.Build.0 = Release|Any CPU
		{6098F502-5220-420E-9ED3-2BAF661FD94D}.Release|x86.ActiveCfg = Release|Any CPU
		{6098F502-5220-420E-9ED3-2BAF661FD94D}.Release|x86.Build.0 = Release|Any CPU
		{5C1DD100-45EF-431B-A330-334B46060E4B}.Debug|Any CPU.ActiveCfg = Debug|Any CPU
		{5C1DD100-45EF-431B-A330-334B46060E4B}.Debug|Any CPU.Build.0 = Debug|Any CPU
		{5C1DD100-45EF-431B-A330-334B46060E4B}.Debug|x64.ActiveCfg = Debug|Any CPU
		{5C1DD100-45EF-431B-A330-334B46060E4B}.Debug|x64.Build.0 = Debug|Any CPU
		{5C1DD100-45EF-431B-A330-334B46060E4B}.Debug|x86.ActiveCfg = Debug|Any CPU
		{5C1DD100-45EF-431B-A330-334B46060E4B}.Debug|x86.Build.0 = Debug|Any CPU
		{5C1DD100-45EF-431B-A330-334B46060E4B}.Release|Any CPU.ActiveCfg = Release|Any CPU
		{5C1DD100-45EF-431B-A330-334B46060E4B}.Release|Any CPU.Build.0 = Release|Any CPU
		{5C1DD100-45EF-431B-A330-334B46060E4B}.Release|x64.ActiveCfg = Release|Any CPU
		{5C1DD100-45EF-431B-A330-334B46060E4B}.Release|x64.Build.0 = Release|Any CPU
		{5C1DD100-45EF-431B-A330-334B46060E4B}.Release|x86.ActiveCfg = Release|Any CPU
		{5C1DD100-45EF-431B-A330-334B46060E4B}.Release|x86.Build.0 = Release|Any CPU
		{3AFC1BE2-3A15-4C60-9FC7-9E73C1CD3937}.Debug|Any CPU.ActiveCfg = Debug|Any CPU
		{3AFC1BE2-3A15-4C60-9FC7-9E73C1CD3937}.Debug|Any CPU.Build.0 = Debug|Any CPU
		{3AFC1BE2-3A15-4C60-9FC7-9E73C1CD3937}.Debug|x64.ActiveCfg = Debug|Any CPU
		{3AFC1BE2-3A15-4C60-9FC7-9E73C1CD3937}.Debug|x64.Build.0 = Debug|Any CPU
		{3AFC1BE2-3A15-4C60-9FC7-9E73C1CD3937}.Debug|x86.ActiveCfg = Debug|Any CPU
		{3AFC1BE2-3A15-4C60-9FC7-9E73C1CD3937}.Debug|x86.Build.0 = Debug|Any CPU
		{3AFC1BE2-3A15-4C60-9FC7-9E73C1CD3937}.Release|Any CPU.ActiveCfg = Release|Any CPU
		{3AFC1BE2-3A15-4C60-9FC7-9E73C1CD3937}.Release|Any CPU.Build.0 = Release|Any CPU
		{3AFC1BE2-3A15-4C60-9FC7-9E73C1CD3937}.Release|x64.ActiveCfg = Release|Any CPU
		{3AFC1BE2-3A15-4C60-9FC7-9E73C1CD3937}.Release|x64.Build.0 = Release|Any CPU
		{3AFC1BE2-3A15-4C60-9FC7-9E73C1CD3937}.Release|x86.ActiveCfg = Release|Any CPU
		{3AFC1BE2-3A15-4C60-9FC7-9E73C1CD3937}.Release|x86.Build.0 = Release|Any CPU
	EndGlobalSection
EndGlobal
